
Microsoft Visual Studio Solution File, Format Version 12.00
# Visual Studio Version 16
VisualStudioVersion = 16.0.30002.166
MinimumVisualStudioVersion = 10.0.40219.1
Project("{FAE04EC0-301F-11D3-BF4B-00C04F79EFBC}") = "MinMaxedCooking.Api", "MinMaxedCooking.Api\MinMaxedCooking.Api.csproj", "{E0B2278D-599C-4174-937A-6CFFAEBCC121}"
EndProject
Global
	GlobalSection(SolutionConfigurationPlatforms) = preSolution
		Debug|Any CPU = Debug|Any CPU
		Release|Any CPU = Release|Any CPU
	EndGlobalSection
	GlobalSection(ProjectConfigurationPlatforms) = postSolution
		{E0B2278D-599C-4174-937A-6CFFAEBCC121}.Debug|Any CPU.ActiveCfg = Debug|Any CPU
		{E0B2278D-599C-4174-937A-6CFFAEBCC121}.Debug|Any CPU.Build.0 = Debug|Any CPU
		{E0B2278D-599C-4174-937A-6CFFAEBCC121}.Release|Any CPU.ActiveCfg = Release|Any CPU
		{E0B2278D-599C-4174-937A-6CFFAEBCC121}.Release|Any CPU.Build.0 = Release|Any CPU
	EndGlobalSection
	GlobalSection(SolutionProperties) = preSolution
		HideSolutionNode = FALSE
	EndGlobalSection
	GlobalSection(ExtensibilityGlobals) = postSolution
		SolutionGuid = {43A3C646-ABFF-49B4-BC2C-C6EA36BFD88F}
	EndGlobalSection
EndGlobal
